PODS:
  - UIButton+StatefulBackgroundColor (0.1.3)

DEPENDENCIES:
  - UIButton+StatefulBackgroundColor (from `./UIButton+StatefulBackgroundColor.podspec`)

EXTERNAL SOURCES:
  UIButton+StatefulBackgroundColor:
    :path: ./UIButton+StatefulBackgroundColor.podspec

SPEC CHECKSUMS:
  UIButton+StatefulBackgroundColor: 6107f6dcaeff67b8d1e17e2bdc31bdd99d88bd20

COCOAPODS: 0.33.1
